// !$*UTF8*$!
{
	archiveVersion = 1;
	classes = {
	};
	objectVersion = 55;
	objects = {

/* Begin PBXBuildFile section */
		00A9861BFE53FA09B65DC991 /* Pods_DatabaseRealm.framework in Frameworks */ = {isa = PBXBuildFile; fileRef = B0F66430699DEE804193B689 /* Pods_DatabaseRealm.framework */; };
		363D2F24991A3B26400F4319 /* Pods_DatabaseRealmTests.framework in Frameworks */ = {isa = PBXBuildFile; fileRef = 80ED3A255B7A120B704EC86E /* Pods_DatabaseRealmTests.framework */; };
		C42DF05E2A371BB3001D49EB /* MainViewModel.swift in Sources */ = {isa = PBXBuildFile; fileRef = C42DF05D2A371BB3001D49EB /* MainViewModel.swift */; };
		C42DF0602A371C31001D49EB /* MemoRepository.swift in Sources */ = {isa = PBXBuildFile; fileRef = C42DF05F2A371C31001D49EB /* MemoRepository.swift */; };
		C467B0162A3C2CBD00CE0438 /* MemoRepositoryImpl.swift in Sources */ = {isa = PBXBuildFile; fileRef = C467B0152A3C2CBD00CE0438 /* MemoRepositoryImpl.swift */; };
		C467B0182A3C2F5B00CE0438 /* MainViewModelImpl.swift in Sources */ = {isa = PBXBuildFile; fileRef = C467B0172A3C2F5B00CE0438 /* MainViewModelImpl.swift */; };
		C4E267142A3748C2005C039E /* DatabaseRealmTests.swift in Sources */ = {isa = PBXBuildFile; fileRef = C4E267132A3748C2005C039E /* DatabaseRealmTests.swift */; };
		C4EF46D02A374D6900D4E9DE /* GeneratedMocks.swift in Sources */ = {isa = PBXBuildFile; fileRef = C4EF46CF2A374D6900D4E9DE /* GeneratedMocks.swift */; };
		C4EF46D32A37605700D4E9DE /* MainViewModelTest.swift in Sources */ = {isa = PBXBuildFile; fileRef = C4EF46D22A37605700D4E9DE /* MainViewModelTest.swift */; };
		C4EF46D52A37625100D4E9DE /* MemoStruct.swift in Sources */ = {isa = PBXBuildFile; fileRef = C4EF46D42A37625100D4E9DE /* MemoStruct.swift */; };
		EB6D39AE277956C3000A91DD /* AppDelegate.swift in Sources */ = {isa = PBXBuildFile; fileRef = EB6D39AD277956C3000A91DD /* AppDelegate.swift */; };
		EB6D39B0277956C3000A91DD /* SceneDelegate.swift in Sources */ = {isa = PBXBuildFile; fileRef = EB6D39AF277956C3000A91DD /* SceneDelegate.swift */; };
		EB6D39B2277956C3000A91DD /* ViewController.swift in Sources */ = {isa = PBXBuildFile; fileRef = EB6D39B1277956C3000A91DD /* ViewController.swift */; };
		EB6D39B5277956C3000A91DD /* Main.storyboard in Resources */ = {isa = PBXBuildFile; fileRef = EB6D39B3277956C3000A91DD /* Main.storyboard */; };
		EB6D39B7277956C5000A91DD /* Assets.xcassets in Resources */ = {isa = PBXBuildFile; fileRef = EB6D39B6277956C5000A91DD /* Assets.xcassets */; };
		EB6D39BA277956C5000A91DD /* LaunchScreen.storyboard in Resources */ = {isa = PBXBuildFile; fileRef = EB6D39B8277956C5000A91DD /* LaunchScreen.storyboard */; };
		EB6D39C727795D43000A91DD /* Memo.swift in Sources */ = {isa = PBXBuildFile; fileRef = EB6D39C627795D43000A91DD /* Memo.swift */; };
/* End PBXBuildFile section */

/* Begin PBXContainerItemProxy section */
		C4E267152A3748C2005C039E /* PBXContainerItemProxy */ = {
			isa = PBXContainerItemProxy;
			containerPortal = EB6D39A2277956C3000A91DD /* Project object */;
			proxyType = 1;
			remoteGlobalIDString = EB6D39A9277956C3000A91DD;
			remoteInfo = DatabaseRealm;
		};
/* End PBXContainerItemProxy section */

/* Begin PBXFileReference section */
		12963FFFFEA25D0302DDB651 /* Pods-DatabaseRealmTests.release.xcconfig */ = {isa = PBXFileReference; includeInIndex = 1; lastKnownFileType = text.xcconfig; name = "Pods-DatabaseRealmTests.release.xcconfig"; path = "Target Support Files/Pods-DatabaseRealmTests/Pods-DatabaseRealmTests.release.xcconfig"; sourceTree = "<group>"; };
		80ED3A255B7A120B704EC86E /* Pods_DatabaseRealmTests.framework */ = {isa = PBXFileReference; explicitFileType = wrapper.framework; includeInIndex = 0; path = Pods_DatabaseRealmTests.framework; sourceTree = BUILT_PRODUCTS_DIR; };
		B0621577A76ABA39A5E3B562 /* Pods-DatabaseRealm.debug.xcconfig */ = {isa = PBXFileReference; includeInIndex = 1; lastKnownFileType = text.xcconfig; name = "Pods-DatabaseRealm.debug.xcconfig"; path = "Target Support Files/Pods-DatabaseRealm/Pods-DatabaseRealm.debug.xcconfig"; sourceTree = "<group>"; };
		B0F66430699DEE804193B689 /* Pods_DatabaseRealm.framework */ = {isa = PBXFileReference; explicitFileType = wrapper.framework; includeInIndex = 0; path = Pods_DatabaseRealm.framework; sourceTree = BUILT_PRODUCTS_DIR; };
		C42DF05D2A371BB3001D49EB /* MainViewModel.swift */ = {isa = PBXFileReference; lastKnownFileType = sourcecode.swift; path = MainViewModel.swift; sourceTree = "<group>"; };
		C42DF05F2A371C31001D49EB /* MemoRepository.swift */ = {isa = PBXFileReference; lastKnownFileType = sourcecode.swift; path = MemoRepository.swift; sourceTree = "<group>"; };
		C467B0152A3C2CBD00CE0438 /* MemoRepositoryImpl.swift */ = {isa = PBXFileReference; lastKnownFileType = sourcecode.swift; path = MemoRepositoryImpl.swift; sourceTree = "<group>"; };
		C467B0172A3C2F5B00CE0438 /* MainViewModelImpl.swift */ = {isa = PBXFileReference; lastKnownFileType = sourcecode.swift; path = MainViewModelImpl.swift; sourceTree = "<group>"; };
		C4E267112A3748C2005C039E /* DatabaseRealmTests.xctest */ = {isa = PBXFileReference; explicitFileType = wrapper.cfbundle; includeInIndex = 0; path = DatabaseRealmTests.xctest; sourceTree = BUILT_PRODUCTS_DIR; };
		C4E267132A3748C2005C039E /* DatabaseRealmTests.swift */ = {isa = PBXFileReference; lastKnownFileType = sourcecode.swift; path = DatabaseRealmTests.swift; sourceTree = "<group>"; };
		C4EF46CF2A374D6900D4E9DE /* GeneratedMocks.swift */ = {isa = PBXFileReference; fileEncoding = 4; lastKnownFileType = sourcecode.swift; path = GeneratedMocks.swift; sourceTree = "<group>"; };
		C4EF46D22A37605700D4E9DE /* MainViewModelTest.swift */ = {isa = PBXFileReference; lastKnownFileType = sourcecode.swift; path = MainViewModelTest.swift; sourceTree = "<group>"; };
		C4EF46D42A37625100D4E9DE /* MemoStruct.swift */ = {isa = PBXFileReference; lastKnownFileType = sourcecode.swift; path = MemoStruct.swift; sourceTree = "<group>"; };
		C6F42044BE4C4D50CEB86112 /* Pods-DatabaseRealm.release.xcconfig */ = {isa = PBXFileReference; includeInIndex = 1; lastKnownFileType = text.xcconfig; name = "Pods-DatabaseRealm.release.xcconfig"; path = "Target Support Files/Pods-DatabaseRealm/Pods-DatabaseRealm.release.xcconfig"; sourceTree = "<group>"; };
		DA9734AD385AAC6B877D348C /* Pods-DatabaseRealmTests.debug.xcconfig */ = {isa = PBXFileReference; includeInIndex = 1; lastKnownFileType = text.xcconfig; name = "Pods-DatabaseRealmTests.debug.xcconfig"; path = "Target Support Files/Pods-DatabaseRealmTests/Pods-DatabaseRealmTests.debug.xcconfig"; sourceTree = "<group>"; };
		EB6D39AA277956C3000A91DD /* DatabaseRealm.app */ = {isa = PBXFileReference; explicitFileType = wrapper.application; includeInIndex = 0; path = DatabaseRealm.app; sourceTree = BUILT_PRODUCTS_DIR; };
		EB6D39AD277956C3000A91DD /* AppDelegate.swift */ = {isa = PBXFileReference; lastKnownFileType = sourcecode.swift; path = AppDelegate.swift; sourceTree = "<group>"; };
		EB6D39AF277956C3000A91DD /* SceneDelegate.swift */ = {isa = PBXFileReference; lastKnownFileType = sourcecode.swift; path = SceneDelegate.swift; sourceTree = "<group>"; };
		EB6D39B1277956C3000A91DD /* ViewController.swift */ = {isa = PBXFileReference; lastKnownFileType = sourcecode.swift; path = ViewController.swift; sourceTree = "<group>"; };
		EB6D39B4277956C3000A91DD /* Base */ = {isa = PBXFileReference; lastKnownFileType = file.storyboard; name = Base; path = Base.lproj/Main.storyboard; sourceTree = "<group>"; };
		EB6D39B6277956C5000A91DD /* Assets.xcassets */ = {isa = PBXFileReference; lastKnownFileType = folder.assetcatalog; path = Assets.xcassets; sourceTree = "<group>"; };
		EB6D39B9277956C5000A91DD /* Base */ = {isa = PBXFileReference; lastKnownFileType = file.storyboard; name = Base; path = Base.lproj/LaunchScreen.storyboard; sourceTree = "<group>"; };
		EB6D39BB277956C6000A91DD /* Info.plist */ = {isa = PBXFileReference; lastKnownFileType = text.plist.xml; path = Info.plist; sourceTree = "<group>"; };
		EB6D39C627795D43000A91DD /* Memo.swift */ = {isa = PBXFileReference; lastKnownFileType = sourcecode.swift; path = Memo.swift; sourceTree = "<group>"; };
/* End PBXFileReference section */

/* Begin PBXFrameworksBuildPhase section */
		C4E2670E2A3748C2005C039E /* Frameworks */ = {
			isa = PBXFrameworksBuildPhase;
			buildActionMask = 2147483647;
			files = (
				363D2F24991A3B26400F4319 /* Pods_DatabaseRealmTests.framework in Frameworks */,
			);
			runOnlyForDeploymentPostprocessing = 0;
		};
		EB6D39A7277956C3000A91DD /* Frameworks */ = {
			isa = PBXFrameworksBuildPhase;
			buildActionMask = 2147483647;
			files = (
				00A9861BFE53FA09B65DC991 /* Pods_DatabaseRealm.framework in Frameworks */,
			);
			runOnlyForDeploymentPostprocessing = 0;
		};
/* End PBXFrameworksBuildPhase section */

/* Begin PBXGroup section */
		464737DB44734D1918316B71 /* Pods */ = {
			isa = PBXGroup;
			children = (
				B0621577A76ABA39A5E3B562 /* Pods-DatabaseRealm.debug.xcconfig */,
				C6F42044BE4C4D50CEB86112 /* Pods-DatabaseRealm.release.xcconfig */,
				DA9734AD385AAC6B877D348C /* Pods-DatabaseRealmTests.debug.xcconfig */,
				12963FFFFEA25D0302DDB651 /* Pods-DatabaseRealmTests.release.xcconfig */,
			);
			path = Pods;
			sourceTree = "<group>";
		};
		C42DF05A2A371B6C001D49EB /* Model */ = {
			isa = PBXGroup;
			children = (
				EB6D39C627795D43000A91DD /* Memo.swift */,
				C42DF05F2A371C31001D49EB /* MemoRepository.swift */,
				C467B0152A3C2CBD00CE0438 /* MemoRepositoryImpl.swift */,
				C4EF46D42A37625100D4E9DE /* MemoStruct.swift */,
			);
			path = Model;
			sourceTree = "<group>";
		};
		C42DF05B2A371B83001D49EB /* View */ = {
			isa = PBXGroup;
			children = (
				EB6D39B3277956C3000A91DD /* Main.storyboard */,
				EB6D39B1277956C3000A91DD /* ViewController.swift */,
			);
			path = View;
			sourceTree = "<group>";
		};
		C42DF05C2A371B8E001D49EB /* ViewModel */ = {
			isa = PBXGroup;
			children = (
				C42DF05D2A371BB3001D49EB /* MainViewModel.swift */,
				C467B0172A3C2F5B00CE0438 /* MainViewModelImpl.swift */,
			);
			path = ViewModel;
			sourceTree = "<group>";
		};
		C4E267122A3748C2005C039E /* DatabaseRealmTests */ = {
			isa = PBXGroup;
			children = (
				C4EF46D12A37603700D4E9DE /* ViewModel */,
				C4E267132A3748C2005C039E /* DatabaseRealmTests.swift */,
				C4EF46CF2A374D6900D4E9DE /* GeneratedMocks.swift */,
			);
			path = DatabaseRealmTests;
			sourceTree = "<group>";
		};
		C4EF46D12A37603700D4E9DE /* ViewModel */ = {
			isa = PBXGroup;
			children = (
				C4EF46D22A37605700D4E9DE /* MainViewModelTest.swift */,
			);
			path = ViewModel;
			sourceTree = "<group>";
		};
		EB6D39A1277956C3000A91DD = {
			isa = PBXGroup;
			children = (
				EB6D39AC277956C3000A91DD /* DatabaseRealm */,
				C4E267122A3748C2005C039E /* DatabaseRealmTests */,
				EB6D39AB277956C3000A91DD /* Products */,
				464737DB44734D1918316B71 /* Pods */,
				F8D54E7DB5529C91810AC451 /* Frameworks */,
			);
			sourceTree = "<group>";
		};
		EB6D39AB277956C3000A91DD /* Products */ = {
			isa = PBXGroup;
			children = (
				EB6D39AA277956C3000A91DD /* DatabaseRealm.app */,
				C4E267112A3748C2005C039E /* DatabaseRealmTests.xctest */,
			);
			name = Products;
			sourceTree = "<group>";
		};
		EB6D39AC277956C3000A91DD /* DatabaseRealm */ = {
			isa = PBXGroup;
			children = (
				EB6D39AD277956C3000A91DD /* AppDelegate.swift */,
				EB6D39AF277956C3000A91DD /* SceneDelegate.swift */,
				C42DF05C2A371B8E001D49EB /* ViewModel */,
				C42DF05B2A371B83001D49EB /* View */,
				C42DF05A2A371B6C001D49EB /* Model */,
				EB6D39B6277956C5000A91DD /* Assets.xcassets */,
				EB6D39B8277956C5000A91DD /* LaunchScreen.storyboard */,
				EB6D39BB277956C6000A91DD /* Info.plist */,
			);
			path = DatabaseRealm;
			sourceTree = "<group>";
		};
		F8D54E7DB5529C91810AC451 /* Frameworks */ = {
			isa = PBXGroup;
			children = (
				B0F66430699DEE804193B689 /* Pods_DatabaseRealm.framework */,
				80ED3A255B7A120B704EC86E /* Pods_DatabaseRealmTests.framework */,
			);
			name = Frameworks;
			sourceTree = "<group>";
		};
/* End PBXGroup section */

/* Begin PBXNativeTarget section */
		C4E267102A3748C2005C039E /* DatabaseRealmTests */ = {
			isa = PBXNativeTarget;
			buildConfigurationList = C4E267192A3748C2005C039E /* Build configuration list for PBXNativeTarget "DatabaseRealmTests" */;
			buildPhases = (
				5F08F5C66D542042E656196F /* [CP] Check Pods Manifest.lock */,
				C4EF46CE2A374CBD00D4E9DE /* ShellScript */,
				C4E2670D2A3748C2005C039E /* Sources */,
				C4E2670E2A3748C2005C039E /* Frameworks */,
				C4E2670F2A3748C2005C039E /* Resources */,
				E97AA328DFF5C2B3C72E5817 /* [CP] Embed Pods Frameworks */,
			);
			buildRules = (
			);
			dependencies = (
				C4E267162A3748C2005C039E /* PBXTargetDependency */,
			);
			name = DatabaseRealmTests;
			productName = DatabaseRealmTests;
			productReference = C4E267112A3748C2005C039E /* DatabaseRealmTests.xctest */;
			productType = "com.apple.product-type.bundle.unit-test";
		};
		EB6D39A9277956C3000A91DD /* DatabaseRealm */ = {
			isa = PBXNativeTarget;
			buildConfigurationList = EB6D39BE277956C6000A91DD /* Build configuration list for PBXNativeTarget "DatabaseRealm" */;
			buildPhases = (
				86A8F143B6803208C4062F99 /* [CP] Check Pods Manifest.lock */,
				EB6D39A6277956C3000A91DD /* Sources */,
				EB6D39A7277956C3000A91DD /* Frameworks */,
				EB6D39A8277956C3000A91DD /* Resources */,
				FDD134DA390E65B790F71279 /* [CP] Embed Pods Frameworks */,
			);
			buildRules = (
			);
			dependencies = (
			);
			name = DatabaseRealm;
			productName = DatabaseRealm;
			productReference = EB6D39AA277956C3000A91DD /* DatabaseRealm.app */;
			productType = "com.apple.product-type.application";
		};
/* End PBXNativeTarget section */

/* Begin PBXProject section */
		EB6D39A2277956C3000A91DD /* Project object */ = {
			isa = PBXProject;
			attributes = {
				BuildIndependentTargetsInParallel = 1;
				LastSwiftUpdateCheck = 1430;
				LastUpgradeCheck = 1310;
				TargetAttributes = {
					C4E267102A3748C2005C039E = {
						CreatedOnToolsVersion = 14.3;
						TestTargetID = EB6D39A9277956C3000A91DD;
					};
					EB6D39A9277956C3000A91DD = {
						CreatedOnToolsVersion = 13.1;
					};
				};
			};
			buildConfigurationList = EB6D39A5277956C3000A91DD /* Build configuration list for PBXProject "DatabaseRealm" */;
			compatibilityVersion = "Xcode 13.0";
			developmentRegion = en;
			hasScannedForEncodings = 0;
			knownRegions = (
				en,
				Base,
			);
			mainGroup = EB6D39A1277956C3000A91DD;
			packageReferences = (
				EB6D39C127795911000A91DD /* XCRemoteSwiftPackageReference "realm-cocoa" */,
			);
			productRefGroup = EB6D39AB277956C3000A91DD /* Products */;
			projectDirPath = "";
			projectRoot = "";
			targets = (
				EB6D39A9277956C3000A91DD /* DatabaseRealm */,
				C4E267102A3748C2005C039E /* DatabaseRealmTests */,
			);
		};
/* End PBXProject section */

/* Begin PBXResourcesBuildPhase section */
		C4E2670F2A3748C2005C039E /* Resources */ = {
			isa = PBXResourcesBuildPhase;
			buildActionMask = 2147483647;
			files = (
			);
			runOnlyForDeploymentPostprocessing = 0;
		};
		EB6D39A8277956C3000A91DD /* Resources */ = {
			isa = PBXResourcesBuildPhase;
			buildActionMask = 2147483647;
			files = (
				EB6D39BA277956C5000A91DD /* LaunchScreen.storyboard in Resources */,
				EB6D39B7277956C5000A91DD /* Assets.xcassets in Resources */,
				EB6D39B5277956C3000A91DD /* Main.storyboard in Resources */,
			);
			runOnlyForDeploymentPostprocessing = 0;
		};
/* End PBXResourcesBuildPhase section */

/* Begin PBXShellScriptBuildPhase section */
		5F08F5C66D542042E656196F /* [CP] Check Pods Manifest.lock */ = {
			isa = PBXShellScriptBuildPhase;
			buildActionMask = 2147483647;
			files = (
			);
			inputFileListPaths = (
			);
			inputPaths = (
				"${PODS_PODFILE_DIR_PATH}/Podfile.lock",
				"${PODS_ROOT}/Manifest.lock",
			);
			name = "[CP] Check Pods Manifest.lock";
			outputFileListPaths = (
			);
			outputPaths = (
				"$(DERIVED_FILE_DIR)/Pods-DatabaseRealmTests-checkManifestLockResult.txt",
			);
			runOnlyForDeploymentPostprocessing = 0;
			shellPath = /bin/sh;
			shellScript = "diff \"${PODS_PODFILE_DIR_PATH}/Podfile.lock\" \"${PODS_ROOT}/Manifest.lock\" > /dev/null\nif [ $? != 0 ] ; then\n    # print error to STDERR\n    echo \"error: The sandbox is not in sync with the Podfile.lock. Run 'pod install' or update your CocoaPods installation.\" >&2\n    exit 1\nfi\n# This output is used by Xcode 'outputs' to avoid re-running this script phase.\necho \"SUCCESS\" > \"${SCRIPT_OUTPUT_FILE_0}\"\n";
			showEnvVarsInLog = 0;
		};
		86A8F143B6803208C4062F99 /* [CP] Check Pods Manifest.lock */ = {
			isa = PBXShellScriptBuildPhase;
			buildActionMask = 2147483647;
			files = (
			);
			inputFileListPaths = (
			);
			inputPaths = (
				"${PODS_PODFILE_DIR_PATH}/Podfile.lock",
				"${PODS_ROOT}/Manifest.lock",
			);
			name = "[CP] Check Pods Manifest.lock";
			outputFileListPaths = (
			);
			outputPaths = (
				"$(DERIVED_FILE_DIR)/Pods-DatabaseRealm-checkManifestLockResult.txt",
			);
			runOnlyForDeploymentPostprocessing = 0;
			shellPath = /bin/sh;
			shellScript = "diff \"${PODS_PODFILE_DIR_PATH}/Podfile.lock\" \"${PODS_ROOT}/Manifest.lock\" > /dev/null\nif [ $? != 0 ] ; then\n    # print error to STDERR\n    echo \"error: The sandbox is not in sync with the Podfile.lock. Run 'pod install' or update your CocoaPods installation.\" >&2\n    exit 1\nfi\n# This output is used by Xcode 'outputs' to avoid re-running this script phase.\necho \"SUCCESS\" > \"${SCRIPT_OUTPUT_FILE_0}\"\n";
			showEnvVarsInLog = 0;
		};
		C4EF46CE2A374CBD00D4E9DE /* ShellScript */ = {
			isa = PBXShellScriptBuildPhase;
			buildActionMask = 2147483647;
			files = (
			);
			inputFileListPaths = (
			);
			inputPaths = (
			);
			outputFileListPaths = (
			);
			outputPaths = (
			);
			runOnlyForDeploymentPostprocessing = 0;
			shellPath = /bin/sh;
			shellScript = "# Type a script or drag a script file from your workspace to insert its path.\n# Define output file. Change \"$PROJECT_DIR/${PROJECT_NAME}Tests\" to your test's root source folder, if it's not the default name.\nOUTPUT_FILE=\"$PROJECT_DIR/${PROJECT_NAME}Tests/GeneratedMocks.swift\"\necho \"Generated Mocks File = $OUTPUT_FILE\"\n\n# Define input directory. Change \"${PROJECT_DIR}/${PROJECT_NAME}\" to your project's root source folder, if it's not the default name.\nINPUT_DIR=\"${PROJECT_DIR}/${PROJECT_NAME}\"\necho \"Mocks Input Directory = $INPUT_DIR\"\n\n# Generate mock files, include as many input files as you'd like to create mocks for.\n\"${PODS_ROOT}/Cuckoo/run\" generate --testable \"$PROJECT_NAME\" \\\n--output \"${OUTPUT_FILE}\" \\\n\"$INPUT_DIR/Model/MemoRepository.swift\" \\\n# ... and so forth, the last line should never end with a backslash\n\n# After running once, locate `GeneratedMocks.swift` and drag it into your Xcode test target group.\n";
		};
		E97AA328DFF5C2B3C72E5817 /* [CP] Embed Pods Frameworks */ = {
			isa = PBXShellScriptBuildPhase;
			buildActionMask = 2147483647;
			files = (
			);
			inputFileListPaths = (
				"${PODS_ROOT}/Target Support Files/Pods-DatabaseRealmTests/Pods-DatabaseRealmTests-frameworks-${CONFIGURATION}-input-files.xcfilelist",
			);
			name = "[CP] Embed Pods Frameworks";
			outputFileListPaths = (
				"${PODS_ROOT}/Target Support Files/Pods-DatabaseRealmTests/Pods-DatabaseRealmTests-frameworks-${CONFIGURATION}-output-files.xcfilelist",
			);
			runOnlyForDeploymentPostprocessing = 0;
			shellPath = /bin/sh;
			shellScript = "\"${PODS_ROOT}/Target Support Files/Pods-DatabaseRealmTests/Pods-DatabaseRealmTests-frameworks.sh\"\n";
			showEnvVarsInLog = 0;
		};
		FDD134DA390E65B790F71279 /* [CP] Embed Pods Frameworks */ = {
			isa = PBXShellScriptBuildPhase;
			buildActionMask = 2147483647;
			files = (
			);
			inputFileListPaths = (
				"${PODS_ROOT}/Target Support Files/Pods-DatabaseRealm/Pods-DatabaseRealm-frameworks-${CONFIGURATION}-input-files.xcfilelist",
			);
			name = "[CP] Embed Pods Frameworks";
			outputFileListPaths = (
				"${PODS_ROOT}/Target Support Files/Pods-DatabaseRealm/Pods-DatabaseRealm-frameworks-${CONFIGURATION}-output-files.xcfilelist",
			);
			runOnlyForDeploymentPostprocessing = 0;
			shellPath = /bin/sh;
			shellScript = "\"${PODS_ROOT}/Target Support Files/Pods-DatabaseRealm/Pods-DatabaseRealm-frameworks.sh\"\n";
			showEnvVarsInLog = 0;
		};
/* End PBXShellScriptBuildPhase section */

/* Begin PBXSourcesBuildPhase section */
		C4E2670D2A3748C2005C039E /* Sources */ = {
			isa = PBXSourcesBuildPhase;
			buildActionMask = 2147483647;
			files = (
				C4E267142A3748C2005C039E /* DatabaseRealmTests.swift in Sources */,
				C4EF46D32A37605700D4E9DE /* MainViewModelTest.swift in Sources */,
				C4EF46D02A374D6900D4E9DE /* GeneratedMocks.swift in Sources */,
			);
			runOnlyForDeploymentPostprocessing = 0;
		};
		EB6D39A6277956C3000A91DD /* Sources */ = {
			isa = PBXSourcesBuildPhase;
			buildActionMask = 2147483647;
			files = (
				C42DF05E2A371BB3001D49EB /* MainViewModel.swift in Sources */,
				EB6D39B2277956C3000A91DD /* ViewController.swift in Sources */,
				EB6D39AE277956C3000A91DD /* AppDelegate.swift in Sources */,
				C467B0162A3C2CBD00CE0438 /* MemoRepositoryImpl.swift in Sources */,
				C42DF0602A371C31001D49EB /* MemoRepository.swift in Sources */,
				EB6D39B0277956C3000A91DD /* SceneDelegate.swift in Sources */,
				C467B0182A3C2F5B00CE0438 /* MainViewModelImpl.swift in Sources */,
				EB6D39C727795D43000A91DD /* Memo.swift in Sources */,
				C4EF46D52A37625100D4E9DE /* MemoStruct.swift in Sources */,
			);
			runOnlyForDeploymentPostprocessing = 0;
		};
/* End PBXSourcesBuildPhase section */

/* Begin PBXTargetDependency section */
		C4E267162A3748C2005C039E /* PBXTargetDependency */ = {
			isa = PBXTargetDependency;
			target = EB6D39A9277956C3000A91DD /* DatabaseRealm */;
			targetProxy = C4E267152A3748C2005C039E /* PBXContainerItemProxy */;
		};
/* End PBXTargetDependency section */

/* Begin PBXVariantGroup section */
		EB6D39B3277956C3000A91DD /* Main.storyboard */ = {
			isa = PBXVariantGroup;
			children = (
				EB6D39B4277956C3000A91DD /* Base */,
			);
			name = Main.storyboard;
			sourceTree = "<group>";
		};
		EB6D39B8277956C5000A91DD /* LaunchScreen.storyboard */ = {
			isa = PBXVariantGroup;
			children = (
				EB6D39B9277956C5000A91DD /* Base */,
			);
			name = LaunchScreen.storyboard;
			sourceTree = "<group>";
		};
/* End PBXVariantGroup section */

/* Begin XCBuildConfiguration section */
		C4E267172A3748C2005C039E /* Debug */ = {
			isa = XCBuildConfiguration;
			baseConfigurationReference = DA9734AD385AAC6B877D348C /* Pods-DatabaseRealmTests.debug.xcconfig */;
			buildSettings = {
				BUNDLE_LOADER = "$(TEST_HOST)";
				CLANG_CXX_LANGUAGE_STANDARD = "gnu++20";
				CODE_SIGN_STYLE = Automatic;
				CURRENT_PROJECT_VERSION = 1;
				DEVELOPMENT_TEAM = 63VCMXJ3AW;
				GENERATE_INFOPLIST_FILE = YES;
				IPHONEOS_DEPLOYMENT_TARGET = 16.4;
				MARKETING_VERSION = 1.0;
				PRODUCT_BUNDLE_IDENTIFIER = net.harutiro.DatabaseRealmTests;
				PRODUCT_NAME = "$(TARGET_NAME)";
				SWIFT_EMIT_LOC_STRINGS = NO;
				SWIFT_VERSION = 5.0;
				TARGETED_DEVICE_FAMILY = "1,2";
				TEST_HOST = "$(BUILT_PRODUCTS_DIR)/DatabaseRealm.app/$(BUNDLE_EXECUTABLE_FOLDER_PATH)/DatabaseRealm";
			};
			name = Debug;
		};
		C4E267182A3748C2005C039E /* Release */ = {
			isa = XCBuildConfiguration;
			baseConfigurationReference = 12963FFFFEA25D0302DDB651 /* Pods-DatabaseRealmTests.release.xcconfig */;
			buildSettings = {
				BUNDLE_LOADER = "$(TEST_HOST)";
				CLANG_CXX_LANGUAGE_STANDARD = "gnu++20";
				CODE_SIGN_STYLE = Automatic;
				CURRENT_PROJECT_VERSION = 1;
				DEVELOPMENT_TEAM = 63VCMXJ3AW;
				GENERATE_INFOPLIST_FILE = YES;
				IPHONEOS_DEPLOYMENT_TARGET = 16.4;
				MARKETING_VERSION = 1.0;
				PRODUCT_BUNDLE_IDENTIFIER = net.harutiro.DatabaseRealmTests;
				PRODUCT_NAME = "$(TARGET_NAME)";
				SWIFT_EMIT_LOC_STRINGS = NO;
				SWIFT_VERSION = 5.0;
				TARGETED_DEVICE_FAMILY = "1,2";
				TEST_HOST = "$(BUILT_PRODUCTS_DIR)/DatabaseRealm.app/$(BUNDLE_EXECUTABLE_FOLDER_PATH)/DatabaseRealm";
			};
			name = Release;
		};
		EB6D39BC277956C6000A91DD /* Debug */ = {
			isa = XCBuildConfiguration;
			buildSettings = {
				ALWAYS_SEARCH_USER_PATHS = NO;
				CLANG_ANALYZER_NONNULL = YES;
				CLANG_ANALYZER_NUMBER_OBJECT_CONVERSION = YES_AGGRESSIVE;
				CLANG_CXX_LANGUAGE_STANDARD = "gnu++17";
				CLANG_CXX_LIBRARY = "libc++";
				CLANG_ENABLE_MODULES = YES;
				CLANG_ENABLE_OBJC_ARC = YES;
				CLANG_ENABLE_OBJC_WEAK = YES;
				CLANG_WARN_BLOCK_CAPTURE_AUTORELEASING = YES;
				CLANG_WARN_BOOL_CONVERSION = YES;
				CLANG_WARN_COMMA = YES;
				CLANG_WARN_CONSTANT_CONVERSION = YES;
				CLANG_WARN_DEPRECATED_OBJC_IMPLEMENTATIONS = YES;
				CLANG_WARN_DIRECT_OBJC_ISA_USAGE = YES_ERROR;
				CLANG_WARN_DOCUMENTATION_COMMENTS = YES;
				CLANG_WARN_EMPTY_BODY = YES;
				CLANG_WARN_ENUM_CONVERSION = YES;
				CLANG_WARN_INFINITE_RECURSION = YES;
				CLANG_WARN_INT_CONVERSION = YES;
				CLANG_WARN_NON_LITERAL_NULL_CONVERSION = YES;
				CLANG_WARN_OBJC_IMPLICIT_RETAIN_SELF = YES;
				CLANG_WARN_OBJC_LITERAL_CONVERSION = YES;
				CLANG_WARN_OBJC_ROOT_CLASS = YES_ERROR;
				CLANG_WARN_QUOTED_INCLUDE_IN_FRAMEWORK_HEADER = YES;
				CLANG_WARN_RANGE_LOOP_ANALYSIS = YES;
				CLANG_WARN_STRICT_PROTOTYPES = YES;
				CLANG_WARN_SUSPICIOUS_MOVE = YES;
				CLANG_WARN_UNGUARDED_AVAILABILITY = YES_AGGRESSIVE;
				CLANG_WARN_UNREACHABLE_CODE = YES;
				CLANG_WARN__DUPLICATE_METHOD_MATCH = YES;
				COPY_PHASE_STRIP = NO;
				DEBUG_INFORMATION_FORMAT = dwarf;
				ENABLE_STRICT_OBJC_MSGSEND = YES;
				ENABLE_TESTABILITY = YES;
				GCC_C_LANGUAGE_STANDARD = gnu11;
				GCC_DYNAMIC_NO_PIC = NO;
				GCC_NO_COMMON_BLOCKS = YES;
				GCC_OPTIMIZATION_LEVEL = 0;
				GCC_PREPROCESSOR_DEFINITIONS = (
					"DEBUG=1",
					"$(inherited)",
				);
				GCC_WARN_64_TO_32_BIT_CONVERSION = YES;
				GCC_WARN_ABOUT_RETURN_TYPE = YES_ERROR;
				GCC_WARN_UNDECLARED_SELECTOR = YES;
				GCC_WARN_UNINITIALIZED_AUTOS = YES_AGGRESSIVE;
				GCC_WARN_UNUSED_FUNCTION = YES;
				GCC_WARN_UNUSED_VARIABLE = YES;
				IPHONEOS_DEPLOYMENT_TARGET = 15.0;
				MTL_ENABLE_DEBUG_INFO = INCLUDE_SOURCE;
				MTL_FAST_MATH = YES;
				ONLY_ACTIVE_ARCH = YES;
				SDKROOT = iphoneos;
				SWIFT_ACTIVE_COMPILATION_CONDITIONS = DEBUG;
				SWIFT_OPTIMIZATION_LEVEL = "-Onone";
			};
			name = Debug;
		};
		EB6D39BD277956C6000A91DD /* Release */ = {
			isa = XCBuildConfiguration;
			buildSettings = {
				ALWAYS_SEARCH_USER_PATHS = NO;
				CLANG_ANALYZER_NONNULL = YES;
				CLANG_ANALYZER_NUMBER_OBJECT_CONVERSION = YES_AGGRESSIVE;
				CLANG_CXX_LANGUAGE_STANDARD = "gnu++17";
				CLANG_CXX_LIBRARY = "libc++";
				CLANG_ENABLE_MODULES = YES;
				CLANG_ENABLE_OBJC_ARC = YES;
				CLANG_ENABLE_OBJC_WEAK = YES;
				CLANG_WARN_BLOCK_CAPTURE_AUTORELEASING = YES;
				CLANG_WARN_BOOL_CONVERSION = YES;
				CLANG_WARN_COMMA = YES;
				CLANG_WARN_CONSTANT_CONVERSION = YES;
				CLANG_WARN_DEPRECATED_OBJC_IMPLEMENTATIONS = YES;
				CLANG_WARN_DIRECT_OBJC_ISA_USAGE = YES_ERROR;
				CLANG_WARN_DOCUMENTATION_COMMENTS = YES;
				CLANG_WARN_EMPTY_BODY = YES;
				CLANG_WARN_ENUM_CONVERSION = YES;
				CLANG_WARN_INFINITE_RECURSION = YES;
				CLANG_WARN_INT_CONVERSION = YES;
				CLANG_WARN_NON_LITERAL_NULL_CONVERSION = YES;
				CLANG_WARN_OBJC_IMPLICIT_RETAIN_SELF = YES;
				CLANG_WARN_OBJC_LITERAL_CONVERSION = YES;
				CLANG_WARN_OBJC_ROOT_CLASS = YES_ERROR;
				CLANG_WARN_QUOTED_INCLUDE_IN_FRAMEWORK_HEADER = YES;
				CLANG_WARN_RANGE_LOOP_ANALYSIS = YES;
				CLANG_WARN_STRICT_PROTOTYPES = YES;
				CLANG_WARN_SUSPICIOUS_MOVE = YES;
				CLANG_WARN_UNGUARDED_AVAILABILITY = YES_AGGRESSIVE;
				CLANG_WARN_UNREACHABLE_CODE = YES;
				CLANG_WARN__DUPLICATE_METHOD_MATCH = YES;
				COPY_PHASE_STRIP = NO;
				DEBUG_INFORMATION_FORMAT = "dwarf-with-dsym";
				ENABLE_NS_ASSERTIONS = NO;
				ENABLE_STRICT_OBJC_MSGSEND = YES;
				GCC_C_LANGUAGE_STANDARD = gnu11;
				GCC_NO_COMMON_BLOCKS = YES;
				GCC_WARN_64_TO_32_BIT_CONVERSION = YES;
				GCC_WARN_ABOUT_RETURN_TYPE = YES_ERROR;
				GCC_WARN_UNDECLARED_SELECTOR = YES;
				GCC_WARN_UNINITIALIZED_AUTOS = YES_AGGRESSIVE;
				GCC_WARN_UNUSED_FUNCTION = YES;
				GCC_WARN_UNUSED_VARIABLE = YES;
				IPHONEOS_DEPLOYMENT_TARGET = 15.0;
				MTL_ENABLE_DEBUG_INFO = NO;
				MTL_FAST_MATH = YES;
				SDKROOT = iphoneos;
				SWIFT_COMPILATION_MODE = wholemodule;
				SWIFT_OPTIMIZATION_LEVEL = "-O";
				VALIDATE_PRODUCT = YES;
			};
			name = Release;
		};
		EB6D39BF277956C6000A91DD /* Debug */ = {
			isa = XCBuildConfiguration;
			baseConfigurationReference = B0621577A76ABA39A5E3B562 /* Pods-DatabaseRealm.debug.xcconfig */;
			buildSettings = {
				ASSETCATALOG_COMPILER_APPICON_NAME = AppIcon;
				ASSETCATALOG_COMPILER_GLOBAL_ACCENT_COLOR_NAME = AccentColor;
				CODE_SIGN_STYLE = Automatic;
				CURRENT_PROJECT_VERSION = 1;
				DEVELOPMENT_TEAM = ZYQUL6ZW6L;
				GENERATE_INFOPLIST_FILE = YES;
				INFOPLIST_FILE = DatabaseRealm/Info.plist;
				INFOPLIST_KEY_UIApplicationSupportsIndirectInputEvents = YES;
				INFOPLIST_KEY_UILaunchStoryboardName = LaunchScreen;
				INFOPLIST_KEY_UIMainStoryboardFile = Main;
				INFOPLIST_KEY_UISupportedInterfaceOrientations_iPad = "UIInterfaceOrientationPortrait UIInterfaceOrientationPortraitUpsideDown UIInterfaceOrientationLandscapeLeft UIInterfaceOrientationLandscapeRight";
				INFOPLIST_KEY_UISupportedInterfaceOrientations_iPhone = "UIInterfaceOrientationPortrait UIInterfaceOrientationLandscapeLeft UIInterfaceOrientationLandscapeRight";
				LD_RUNPATH_SEARCH_PATHS = (
					"$(inherited)",
					"@executable_path/Frameworks",
				);
				MARKETING_VERSION = 1.0;
				PRODUCT_BUNDLE_IDENTIFIER = app.makino.harutiro.DatabaseRealm;
				PRODUCT_NAME = "$(TARGET_NAME)";
				SWIFT_EMIT_LOC_STRINGS = YES;
				SWIFT_VERSION = 5.0;
				TARGETED_DEVICE_FAMILY = "1,2";
			};
			name = Debug;
		};
		EB6D39C0277956C6000A91DD /* Release */ = {
			isa = XCBuildConfiguration;
			baseConfigurationReference = C6F42044BE4C4D50CEB86112 /* Pods-DatabaseRealm.release.xcconfig */;
			buildSettings = {
				ASSETCATALOG_COMPILER_APPICON_NAME = AppIcon;
				ASSETCATALOG_COMPILER_GLOBAL_ACCENT_COLOR_NAME = AccentColor;
				CODE_SIGN_STYLE = Automatic;
				CURRENT_PROJECT_VERSION = 1;
				DEVELOPMENT_TEAM = ZYQUL6ZW6L;
				GENERATE_INFOPLIST_FILE = YES;
				INFOPLIST_FILE = DatabaseRealm/Info.plist;
				INFOPLIST_KEY_UIApplicationSupportsIndirectInputEvents = YES;
				INFOPLIST_KEY_UILaunchStoryboardName = LaunchScreen;
				INFOPLIST_KEY_UIMainStoryboardFile = Main;
				INFOPLIST_KEY_UISupportedInterfaceOrientations_iPad = "UIInterfaceOrientationPortrait UIInterfaceOrientationPortraitUpsideDown UIInterfaceOrientationLandscapeLeft UIInterfaceOrientationLandscapeRight";
				INFOPLIST_KEY_UISupportedInterfaceOrientations_iPhone = "UIInterfaceOrientationPortrait UIInterfaceOrientationLandscapeLeft UIInterfaceOrientationLandscapeRight";
				LD_RUNPATH_SEARCH_PATHS = (
					"$(inherited)",
					"@executable_path/Frameworks",
				);
				MARKETING_VERSION = 1.0;
				PRODUCT_BUNDLE_IDENTIFIER = app.makino.harutiro.DatabaseRealm;
				PRODUCT_NAME = "$(TARGET_NAME)";
				SWIFT_EMIT_LOC_STRINGS = YES;
				SWIFT_VERSION = 5.0;
				TARGETED_DEVICE_FAMILY = "1,2";
			};
			name = Release;
		};
/* End XCBuildConfiguration section */

/* Begin XCConfigurationList section */
		C4E267192A3748C2005C039E /* Build configuration list for PBXNativeTarget "DatabaseRealmTests" */ = {
			isa = XCConfigurationList;
			buildConfigurations = (
				C4E267172A3748C2005C039E /* Debug */,
				C4E267182A3748C2005C039E /* Release */,
			);
			defaultConfigurationIsVisible = 0;
			defaultConfigurationName = Release;
		};
		EB6D39A5277956C3000A91DD /* Build configuration list for PBXProject "DatabaseRealm" */ = {
			isa = XCConfigurationList;
			buildConfigurations = (
				EB6D39BC277956C6000A91DD /* Debug */,
				EB6D39BD277956C6000A91DD /* Release */,
			);
			defaultConfigurationIsVisible = 0;
			defaultConfigurationName = Release;
		};
		EB6D39BE277956C6000A91DD /* Build configuration list for PBXNativeTarget "DatabaseRealm" */ = {
			isa = XCConfigurationList;
			buildConfigurations = (
				EB6D39BF277956C6000A91DD /* Debug */,
				EB6D39C0277956C6000A91DD /* Release */,
			);
			defaultConfigurationIsVisible = 0;
			defaultConfigurationName = Release;
		};
/* End XCConfigurationList section */

/* Begin XCRemoteSwiftPackageReference section */
		EB6D39C127795911000A91DD /* XCRemoteSwiftPackageReference "realm-cocoa" */ = {
			isa = XCRemoteSwiftPackageReference;
			repositoryURL = "https://github.com/realm/realm-cocoa";
			requirement = {
				kind = upToNextMajorVersion;
				minimumVersion = 5.0.0;
			};
		};
/* End XCRemoteSwiftPackageReference section */
	};
	rootObject = EB6D39A2277956C3000A91DD /* Project object */;
}
